
Microsoft Visual Studio Solution File, Format Version 12.00
# Visual Studio 15
VisualStudioVersion = 15.0.26430.12
MinimumVisualStudioVersion = 10.0.40219.1
Project("{FAE04EC0-301F-11D3-BF4B-00C04F79EFBC}") = "TipCalculator", "TipCalculator\TipCalculator.csproj", "{738A20AD-E0D7-4617-B719-39A4239DE7B6}"
EndProject
Global
	GlobalSection(SolutionConfigurationPlatforms) = preSolution
		Ad-Hoc|iPhone = Ad-Hoc|iPhone
		Ad-Hoc|iPhoneSimulator = Ad-Hoc|iPhoneSimulator
		AppStore|iPhone = AppStore|iPhone
		AppStore|iPhoneSimulator = AppStore|iPhoneSimulator
		Debug|iPhone = Debug|iPhone
		Debug|iPhoneSimulator = Debug|iPhoneSimulator
		Release|iPhone = Release|iPhone
		Release|iPhoneSimulator = Release|iPhoneSimulator
	EndGlobalSection
	GlobalSection(ProjectConfigurationPlatforms) = postSolution
		{738A20AD-E0D7-4617-B719-39A4239DE7B6}.Ad-Hoc|iPhone.ActiveCfg = Ad-Hoc|iPhone
		{738A20AD-E0D7-4617-B719-39A4239DE7B6}.Ad-Hoc|iPhone.Build.0 = Ad-Hoc|iPhone
		{738A20AD-E0D7-4617-B719-39A4239DE7B6}.Ad-Hoc|iPhoneSimulator.ActiveCfg = Ad-Hoc|iPhoneSimulator
		{738A20AD-E0D7-4617-B719-39A4239DE7B6}.Ad-Hoc|iPhoneSimulator.Build.0 = Ad-Hoc|iPhoneSimulator
		{738A20AD-E0D7-4617-B719-39A4239DE7B6}.AppStore|iPhone.ActiveCfg = AppStore|iPhone
		{738A20AD-E0D7-4617-B719-39A4239DE7B6}.AppStore|iPhone.Build.0 = AppStore|iPhone
		{738A20AD-E0D7-4617-B719-39A4239DE7B6}.AppStore|iPhoneSimulator.ActiveCfg = AppStore|iPhoneSimulator
		{738A20AD-E0D7-4617-B719-39A4239DE7B6}.AppStore|iPhoneSimulator.Build.0 = AppStore|iPhoneSimulator
		{738A20AD-E0D7-4617-B719-39A4239DE7B6}.Debug|iPhone.ActiveCfg = Debug|iPhone
		{738A20AD-E0D7-4617-B719-39A4239DE7B6}.Debug|iPhone.Build.0 = Debug|iPhone
		{738A20AD-E0D7-4617-B719-39A4239DE7B6}.Debug|iPhoneSimulator.ActiveCfg = Debug|iPhoneSimulator
		{738A20AD-E0D7-4617-B719-39A4239DE7B6}.Debug|iPhoneSimulator.Build.0 = Debug|iPhoneSimulator
		{738A20AD-E0D7-4617-B719-39A4239DE7B6}.Release|iPhone.ActiveCfg = Release|iPhone
		{738A20AD-E0D7-4617-B719-39A4239DE7B6}.Release|iPhone.Build.0 = Release|iPhone
		{738A20AD-E0D7-4617-B719-39A4239DE7B6}.Release|iPhoneSimulator.ActiveCfg = Release|iPhoneSimulator
		{738A20AD-E0D7-4617-B719-39A4239DE7B6}.Release|iPhoneSimulator.Build.0 = Release|iPhoneSimulator
	EndGlobalSection
	GlobalSection(SolutionProperties) = preSolution
		HideSolutionNode = FALSE
	EndGlobalSection
EndGlobal
